
Microsoft Visual Studio Solution File, Format Version 12.00
# Visual Studio Version 16
VisualStudioVersion = 16.0.31112.23
MinimumVisualStudioVersion = 10.0.40219.1
Project("{FAE04EC0-301F-11D3-BF4B-00C04F79EFBC}") = "BookStoreManager", "BookStoreManager\BookStoreManager.csproj", "{92F51728-94DC-40FF-80FA-08E7470F7144}"
EndProject
Project("{FAE04EC0-301F-11D3-BF4B-00C04F79EFBC}") = "QuanLyQuanAn", "QuanLyQuanAn\QuanLyQuanAn.csproj", "{F08D0789-14D6-4CBE-BB04-7CA5C3F00699}"
EndProject
Global
	GlobalSection(SolutionConfigurationPlatforms) = preSolution
		Debug|Any CPU = Debug|Any CPU
		Release|Any CPU = Release|Any CPU
	EndGlobalSection
	GlobalSection(ProjectConfigurationPlatforms) = postSolution
		{92F51728-94DC-40FF-80FA-08E7470F7144}.Debug|Any CPU.ActiveCfg = Debug|Any CPU
		{92F51728-94DC-40FF-80FA-08E7470F7144}.Debug|Any CPU.Build.0 = Debug|Any CPU
		{92F51728-94DC-40FF-80FA-08E7470F7144}.Release|Any CPU.ActiveCfg = Release|Any CPU
		{92F51728-94DC-40FF-80FA-08E7470F7144}.Release|Any CPU.Build.0 = Release|Any CPU
		{F08D0789-14D6-4CBE-BB04-7CA5C3F00699}.Debug|Any CPU.ActiveCfg = Debug|Any CPU
		{F08D0789-14D6-4CBE-BB04-7CA5C3F00699}.Debug|Any CPU.Build.0 = Debug|Any CPU
		{F08D0789-14D6-4CBE-BB04-7CA5C3F00699}.Release|Any CPU.ActiveCfg = Release|Any CPU
		{F08D0789-14D6-4CBE-BB04-7CA5C3F00699}.Release|Any CPU.Build.0 = Release|Any CPU
	EndGlobalSection
	GlobalSection(SolutionProperties) = preSolution
		HideSolutionNode = FALSE
	EndGlobalSection
	GlobalSection(ExtensibilityGlobals) = postSolution
		SolutionGuid = {5C000F30-B5D0-45E6-92B5-FC46220BED8E}
	EndGlobalSection
EndGlobal
