
Microsoft Visual Studio Solution File, Format Version 12.00
# Visual Studio Version 16
VisualStudioVersion = 16.0.31112.23
MinimumVisualStudioVersion = 10.0.40219.1
Project("{FAE04EC0-301F-11D3-BF4B-00C04F79EFBC}") = "BookStoreManager", "BookStoreManager\BookStoreManager.csproj", "{FE210DAF-C411-4C67-86DB-C0EA19C73854}"
EndProject
Global
	GlobalSection(SolutionConfigurationPlatforms) = preSolution
		Debug|Any CPU = Debug|Any CPU
		Release|Any CPU = Release|Any CPU
	EndGlobalSection
	GlobalSection(ProjectConfigurationPlatforms) = postSolution
		{FE210DAF-C411-4C67-86DB-C0EA19C73854}.Debug|Any CPU.ActiveCfg = Debug|Any CPU
		{FE210DAF-C411-4C67-86DB-C0EA19C73854}.Debug|Any CPU.Build.0 = Debug|Any CPU
		{FE210DAF-C411-4C67-86DB-C0EA19C73854}.Release|Any CPU.ActiveCfg = Release|Any CPU
		{FE210DAF-C411-4C67-86DB-C0EA19C73854}.Release|Any CPU.Build.0 = Release|Any CPU
	EndGlobalSection
	GlobalSection(SolutionProperties) = preSolution
		HideSolutionNode = FALSE
	EndGlobalSection
	GlobalSection(ExtensibilityGlobals) = postSolution
		SolutionGuid = {A9E12514-18F8-4EA5-B320-462B7E25674D}
	EndGlobalSection
EndGlobal
